
Microsoft Visual Studio Solution File, Format Version 12.00
# Visual Studio Version 16
VisualStudioVersion = 16.0.29411.108
MinimumVisualStudioVersion = 10.0.40219.1
Project("{FAE04EC0-301F-11D3-BF4B-00C04F79EFBC}") = "AutoLotDAL", "AutoLotDAL\AutoLotDAL.csproj", "{4F137CE1-7EEE-4D72-A4F3-B1F080F56C17}"
EndProject
Project("{FAE04EC0-301F-11D3-BF4B-00C04F79EFBC}") = "AutoLotClientApp", "AutoLotClientApp\AutoLotClientApp.csproj", "{D36E36B6-AF48-4B0A-BD2E-6AB1CDD0D36D}"
EndProject
Global
	GlobalSection(SolutionConfigurationPlatforms) = preSolution
		Debug|Any CPU = Debug|Any CPU
		Release|Any CPU = Release|Any CPU
	EndGlobalSection
	GlobalSection(ProjectConfigurationPlatforms) = postSolution
		{4F137CE1-7EEE-4D72-A4F3-B1F080F56C17}.Debug|Any CPU.ActiveCfg = Debug|Any CPU
		{4F137CE1-7EEE-4D72-A4F3-B1F080F56C17}.Debug|Any CPU.Build.0 = Debug|Any CPU
		{4F137CE1-7EEE-4D72-A4F3-B1F080F56C17}.Release|Any CPU.ActiveCfg = Release|Any CPU
		{4F137CE1-7EEE-4D72-A4F3-B1F080F56C17}.Release|Any CPU.Build.0 = Release|Any CPU
		{D36E36B6-AF48-4B0A-BD2E-6AB1CDD0D36D}.Debug|Any CPU.ActiveCfg = Debug|Any CPU
		{D36E36B6-AF48-4B0A-BD2E-6AB1CDD0D36D}.Debug|Any CPU.Build.0 = Debug|Any CPU
		{D36E36B6-AF48-4B0A-BD2E-6AB1CDD0D36D}.Release|Any CPU.ActiveCfg = Release|Any CPU
		{D36E36B6-AF48-4B0A-BD2E-6AB1CDD0D36D}.Release|Any CPU.Build.0 = Release|Any CPU
	EndGlobalSection
	GlobalSection(SolutionProperties) = preSolution
		HideSolutionNode = FALSE
	EndGlobalSection
	GlobalSection(ExtensibilityGlobals) = postSolution
		SolutionGuid = {0ECEE92F-0845-4EC1-9F67-A02184867661}
	EndGlobalSection
EndGlobal
